
Microsoft Visual Studio Solution File, Format Version 12.00
# Visual Studio 15
VisualStudioVersion = 15.0.26430.16
MinimumVisualStudioVersion = 10.0.40219.1
Project("{FAE04EC0-301F-11D3-BF4B-00C04F79EFBC}") = "FirstMVVM.Android", "FirstMVVM\FirstMVVM.Android\FirstMVVM.Android.csproj", "{76AFFB9C-FE2D-40CB-9840-DAC62155D198}"
EndProject
Project("{FAE04EC0-301F-11D3-BF4B-00C04F79EFBC}") = "FirstMVVM", "FirstMVVM\FirstMVVM\FirstMVVM.csproj", "{2AE16E55-C3FA-45ED-96D7-92690BD3CDDF}"
EndProject
Project("{FAE04EC0-301F-11D3-BF4B-00C04F79EFBC}") = "FirstMVVM.UWP", "FirstMVVM\FirstMVVM.UWP\FirstMVVM.UWP.csproj", "{64E7F254-27EF-456D-91D9-21874787694A}"
EndProject
Project("{FAE04EC0-301F-11D3-BF4B-00C04F79EFBC}") = "FirstMVVM.iOS", "FirstMVVM\FirstMVVM.iOS\FirstMVVM.iOS.csproj", "{4653B328-6E12-46D2-A1B3-226211F4FDDC}"
EndProject
Global
	GlobalSection(SolutionConfigurationPlatforms) = preSolution
		Ad-Hoc|Any CPU = Ad-Hoc|Any CPU
		Ad-Hoc|ARM = Ad-Hoc|ARM
		Ad-Hoc|iPhone = Ad-Hoc|iPhone
		Ad-Hoc|iPhoneSimulator = Ad-Hoc|iPhoneSimulator
		Ad-Hoc|x64 = Ad-Hoc|x64
		Ad-Hoc|x86 = Ad-Hoc|x86
		AppStore|Any CPU = AppStore|Any CPU
		AppStore|ARM = AppStore|ARM
		AppStore|iPhone = AppStore|iPhone
		AppStore|iPhoneSimulator = AppStore|iPhoneSimulator
		AppStore|x64 = AppStore|x64
		AppStore|x86 = AppStore|x86
		Debug|Any CPU = Debug|Any CPU
		Debug|ARM = Debug|ARM
		Debug|iPhone = Debug|iPhone
		Debug|iPhoneSimulator = Debug|iPhoneSimulator
		Debug|x64 = Debug|x64
		Debug|x86 = Debug|x86
		Release|Any CPU = Release|Any CPU
		Release|ARM = Release|ARM
		Release|iPhone = Release|iPhone
		Release|iPhoneSimulator = Release|iPhoneSimulator
		Release|x64 = Release|x64
		Release|x86 = Release|x86
	EndGlobalSection
	GlobalSection(ProjectConfigurationPlatforms) = postSolution
		{76AFFB9C-FE2D-40CB-9840-DAC62155D198}.Ad-Hoc|Any CPU.ActiveCfg = Release|Any CPU
		{76AFFB9C-FE2D-40CB-9840-DAC62155D198}.Ad-Hoc|Any CPU.Build.0 = Release|Any CPU
		{76AFFB9C-FE2D-40CB-9840-DAC62155D198}.Ad-Hoc|Any CPU.Deploy.0 = Release|Any CPU
		{76AFFB9C-FE2D-40CB-9840-DAC62155D198}.Ad-Hoc|ARM.ActiveCfg = Release|Any CPU
		{76AFFB9C-FE2D-40CB-9840-DAC62155D198}.Ad-Hoc|ARM.Build.0 = Release|Any CPU
		{76AFFB9C-FE2D-40CB-9840-DAC62155D198}.Ad-Hoc|ARM.Deploy.0 = Release|Any CPU
		{76AFFB9C-FE2D-40CB-9840-DAC62155D198}.Ad-Hoc|iPhone.ActiveCfg = Release|Any CPU
		{76AFFB9C-FE2D-40CB-9840-DAC62155D198}.Ad-Hoc|iPhone.Build.0 = Release|Any CPU
		{76AFFB9C-FE2D-40CB-9840-DAC62155D198}.Ad-Hoc|iPhone.Deploy.0 = Release|Any CPU
		{76AFFB9C-FE2D-40CB-9840-DAC62155D198}.Ad-Hoc|iPhoneSimulator.ActiveCfg = Release|Any CPU
		{76AFFB9C-FE2D-40CB-9840-DAC62155D198}.Ad-Hoc|iPhoneSimulator.Build.0 = Release|Any CPU
		{76AFFB9C-FE2D-40CB-9840-DAC62155D198}.Ad-Hoc|iPhoneSimulator.Deploy.0 = Release|Any CPU
		{76AFFB9C-FE2D-40CB-9840-DAC62155D198}.Ad-Hoc|x64.ActiveCfg = Release|Any CPU
		{76AFFB9C-FE2D-40CB-9840-DAC62155D198}.Ad-Hoc|x64.Build.0 = Release|Any CPU
		{76AFFB9C-FE2D-40CB-9840-DAC62155D198}.Ad-Hoc|x64.Deploy.0 = Release|Any CPU
		{76AFFB9C-FE2D-40CB-9840-DAC62155D198}.Ad-Hoc|x86.ActiveCfg = Release|Any CPU
		{76AFFB9C-FE2D-40CB-9840-DAC62155D198}.Ad-Hoc|x86.Build.0 = Release|Any CPU
		{76AFFB9C-FE2D-40CB-9840-DAC62155D198}.Ad-Hoc|x86.Deploy.0 = Release|Any CPU
		{76AFFB9C-FE2D-40CB-9840-DAC62155D198}.AppStore|Any CPU.ActiveCfg = Release|Any CPU
		{76AFFB9C-FE2D-40CB-9840-DAC62155D198}.AppStore|Any CPU.Build.0 = Release|Any CPU
		{76AFFB9C-FE2D-40CB-9840-DAC62155D198}.AppStore|Any CPU.Deploy.0 = Release|Any CPU
		{76AFFB9C-FE2D-40CB-9840-DAC62155D198}.AppStore|ARM.ActiveCfg = Release|Any CPU
		{76AFFB9C-FE2D-40CB-9840-DAC62155D198}.AppStore|ARM.Build.0 = Release|Any CPU
		{76AFFB9C-FE2D-40CB-9840-DAC62155D198}.AppStore|ARM.Deploy.0 = Release|Any CPU
		{76AFFB9C-FE2D-40CB-9840-DAC62155D198}.AppStore|iPhone.ActiveCfg = Release|Any CPU
		{76AFFB9C-FE2D-40CB-9840-DAC62155D198}.AppStore|iPhone.Build.0 = Release|Any CPU
		{76AFFB9C-FE2D-40CB-9840-DAC62155D198}.AppStore|iPhone.Deploy.0 = Release|Any CPU
		{76AFFB9C-FE2D-40CB-9840-DAC62155D198}.AppStore|iPhoneSimulator.ActiveCfg = Release|Any CPU
		{76AFFB9C-FE2D-40CB-9840-DAC62155D198}.AppStore|iPhoneSimulator.Build.0 = Release|Any CPU
		{76AFFB9C-FE2D-40CB-9840-DAC62155D198}.AppStore|iPhoneSimulator.Deploy.0 = Release|Any CPU
		{76AFFB9C-FE2D-40CB-9840-DAC62155D198}.AppStore|x64.ActiveCfg = Release|Any CPU
		{76AFFB9C-FE2D-40CB-9840-DAC62155D198}.AppStore|x64.Build.0 = Release|Any CPU
		{76AFFB9C-FE2D-40CB-9840-DAC62155D198}.AppStore|x64.Deploy.0 = Release|Any CPU
		{76AFFB9C-FE2D-40CB-9840-DAC62155D198}.AppStore|x86.ActiveCfg = Release|Any CPU
		{76AFFB9C-FE2D-40CB-9840-DAC62155D198}.AppStore|x86.Build.0 = Release|Any CPU
		{76AFFB9C-FE2D-40CB-9840-DAC62155D198}.AppStore|x86.Deploy.0 = Release|Any CPU
		{76AFFB9C-FE2D-40CB-9840-DAC62155D198}.Debug|Any CPU.ActiveCfg = Debug|Any CPU
		{76AFFB9C-FE2D-40CB-9840-DAC62155D198}.Debug|Any CPU.Build.0 = Debug|Any CPU
		{76AFFB9C-FE2D-40CB-9840-DAC62155D198}.Debug|Any CPU.Deploy.0 = Debug|Any CPU
		{76AFFB9C-FE2D-40CB-9840-DAC62155D198}.Debug|ARM.ActiveCfg = Debug|Any CPU
		{76AFFB9C-FE2D-40CB-9840-DAC62155D198}.Debug|ARM.Build.0 = Debug|Any CPU
		{76AFFB9C-FE2D-40CB-9840-DAC62155D198}.Debug|ARM.Deploy.0 = Debug|Any CPU
		{76AFFB9C-FE2D-40CB-9840-DAC62155D198}.Debug|iPhone.ActiveCfg = Debug|Any CPU
		{76AFFB9C-FE2D-40CB-9840-DAC62155D198}.Debug|iPhone.Build.0 = Debug|Any CPU
		{76AFFB9C-FE2D-40CB-9840-DAC62155D198}.Debug|iPhone.Deploy.0 = Debug|Any CPU
		{76AFFB9C-FE2D-40CB-9840-DAC62155D198}.Debug|iPhoneSimulator.ActiveCfg = Debug|Any CPU
		{76AFFB9C-FE2D-40CB-9840-DAC62155D198}.Debug|iPhoneSimulator.Build.0 = Debug|Any CPU
		{76AFFB9C-FE2D-40CB-9840-DAC62155D198}.Debug|iPhoneSimulator.Deploy.0 = Debug|Any CPU
		{76AFFB9C-FE2D-40CB-9840-DAC62155D198}.Debug|x64.ActiveCfg = Debug|Any CPU
		{76AFFB9C-FE2D-40CB-9840-DAC62155D198}.Debug|x64.Build.0 = Debug|Any CPU
		{76AFFB9C-FE2D-40CB-9840-DAC62155D198}.Debug|x64.Deploy.0 = Debug|Any CPU
		{76AFFB9C-FE2D-40CB-9840-DAC62155D198}.Debug|x86.ActiveCfg = Debug|Any CPU
		{76AFFB9C-FE2D-40CB-9840-DAC62155D198}.Debug|x86.Build.0 = Debug|Any CPU
		{76AFFB9C-FE2D-40CB-9840-DAC62155D198}.Debug|x86.Deploy.0 = Debug|Any CPU
		{76AFFB9C-FE2D-40CB-9840-DAC62155D198}.Release|Any CPU.ActiveCfg = Release|Any CPU
		{76AFFB9C-FE2D-40CB-9840-DAC62155D198}.Release|Any CPU.Build.0 = Release|Any CPU
		{76AFFB9C-FE2D-40CB-9840-DAC62155D198}.Release|Any CPU.Deploy.0 = Release|Any CPU
		{76AFFB9C-FE2D-40CB-9840-DAC62155D198}.Release|ARM.ActiveCfg = Release|Any CPU
		{76AFFB9C-FE2D-40CB-9840-DAC62155D198}.Release|ARM.Build.0 = Release|Any CPU
		{76AFFB9C-FE2D-40CB-9840-DAC62155D198}.Release|ARM.Deploy.0 = Release|Any CPU
		{76AFFB9C-FE2D-40CB-9840-DAC62155D198}.Release|iPhone.ActiveCfg = Release|Any CPU
		{76AFFB9C-FE2D-40CB-9840-DAC62155D198}.Release|iPhone.Build.0 = Release|Any CPU
		{76AFFB9C-FE2D-40CB-9840-DAC62155D198}.Release|iPhone.Deploy.0 = Release|Any CPU
		{76AFFB9C-FE2D-40CB-9840-DAC62155D198}.Release|iPhoneSimulator.ActiveCfg = Release|Any CPU
		{76AFFB9C-FE2D-40CB-9840-DAC62155D198}.Release|iPhoneSimulator.Build.0 = Release|Any CPU
		{76AFFB9C-FE2D-40CB-9840-DAC62155D198}.Release|iPhoneSimulator.Deploy.0 = Release|Any CPU
		{76AFFB9C-FE2D-40CB-9840-DAC62155D198}.Release|x64.ActiveCfg = Release|Any CPU
		{76AFFB9C-FE2D-40CB-9840-DAC62155D198}.Release|x64.Build.0 = Release|Any CPU
		{76AFFB9C-FE2D-40CB-9840-DAC62155D198}.Release|x64.Deploy.0 = Release|Any CPU
		{76AFFB9C-FE2D-40CB-9840-DAC62155D198}.Release|x86.ActiveCfg = Release|Any CPU
		{76AFFB9C-FE2D-40CB-9840-DAC62155D198}.Release|x86.Build.0 = Release|Any CPU
		{76AFFB9C-FE2D-40CB-9840-DAC62155D198}.Release|x86.Deploy.0 = Release|Any CPU
		{2AE16E55-C3FA-45ED-96D7-92690BD3CDDF}.Ad-Hoc|Any CPU.ActiveCfg = Release|Any CPU
		{2AE16E55-C3FA-45ED-96D7-92690BD3CDDF}.Ad-Hoc|Any CPU.Build.0 = Release|Any CPU
		{2AE16E55-C3FA-45ED-96D7-92690BD3CDDF}.Ad-Hoc|ARM.ActiveCfg = Release|Any CPU
		{2AE16E55-C3FA-45ED-96D7-92690BD3CDDF}.Ad-Hoc|ARM.Build.0 = Release|Any CPU
		{2AE16E55-C3FA-45ED-96D7-92690BD3CDDF}.Ad-Hoc|iPhone.ActiveCfg = Release|Any CPU
		{2AE16E55-C3FA-45ED-96D7-92690BD3CDDF}.Ad-Hoc|iPhone.Build.0 = Release|Any CPU
		{2AE16E55-C3FA-45ED-96D7-92690BD3CDDF}.Ad-Hoc|iPhoneSimulator.ActiveCfg = Release|Any CPU
		{2AE16E55-C3FA-45ED-96D7-92690BD3CDDF}.Ad-Hoc|iPhoneSimulator.Build.0 = Release|Any CPU
		{2AE16E55-C3FA-45ED-96D7-92690BD3CDDF}.Ad-Hoc|x64.ActiveCfg = Release|Any CPU
		{2AE16E55-C3FA-45ED-96D7-92690BD3CDDF}.Ad-Hoc|x64.Build.0 = Release|Any CPU
		{2AE16E55-C3FA-45ED-96D7-92690BD3CDDF}.Ad-Hoc|x86.ActiveCfg = Release|Any CPU
		{2AE16E55-C3FA-45ED-96D7-92690BD3CDDF}.Ad-Hoc|x86.Build.0 = Release|Any CPU
		{2AE16E55-C3FA-45ED-96D7-92690BD3CDDF}.AppStore|Any CPU.ActiveCfg = Release|Any CPU
		{2AE16E55-C3FA-45ED-96D7-92690BD3CDDF}.AppStore|Any CPU.Build.0 = Release|Any CPU
		{2AE16E55-C3FA-45ED-96D7-92690BD3CDDF}.AppStore|ARM.ActiveCfg = Release|Any CPU
		{2AE16E55-C3FA-45ED-96D7-92690BD3CDDF}.AppStore|ARM.Build.0 = Release|Any CPU
		{2AE16E55-C3FA-45ED-96D7-92690BD3CDDF}.AppStore|iPhone.ActiveCfg = Release|Any CPU
		{2AE16E55-C3FA-45ED-96D7-92690BD3CDDF}.AppStore|iPhone.Build.0 = Release|Any CPU
		{2AE16E55-C3FA-45ED-96D7-92690BD3CDDF}.AppStore|iPhoneSimulator.ActiveCfg = Release|Any CPU
		{2AE16E55-C3FA-45ED-96D7-92690BD3CDDF}.AppStore|iPhoneSimulator.Build.0 = Release|Any CPU
		{2AE16E55-C3FA-45ED-96D7-92690BD3CDDF}.AppStore|x64.ActiveCfg = Release|Any CPU
		{2AE16E55-C3FA-45ED-96D7-92690BD3CDDF}.AppStore|x64.Build.0 = Release|Any CPU
		{2AE16E55-C3FA-45ED-96D7-92690BD3CDDF}.AppStore|x86.ActiveCfg = Release|Any CPU
		{2AE16E55-C3FA-45ED-96D7-92690BD3CDDF}.AppStore|x86.Build.0 = Release|Any CPU
		{2AE16E55-C3FA-45ED-96D7-92690BD3CDDF}.Debug|Any CPU.ActiveCfg = Debug|Any CPU
		{2AE16E55-C3FA-45ED-96D7-92690BD3CDDF}.Debug|Any CPU.Build.0 = Debug|Any CPU
		{2AE16E55-C3FA-45ED-96D7-92690BD3CDDF}.Debug|ARM.ActiveCfg = Debug|Any CPU
		{2AE16E55-C3FA-45ED-96D7-92690BD3CDDF}.Debug|ARM.Build.0 = Debug|Any CPU
		{2AE16E55-C3FA-45ED-96D7-92690BD3CDDF}.Debug|iPhone.ActiveCfg = Debug|Any CPU
		{2AE16E55-C3FA-45ED-96D7-92690BD3CDDF}.Debug|iPhone.Build.0 = Debug|Any CPU
		{2AE16E55-C3FA-45ED-96D7-92690BD3CDDF}.Debug|iPhoneSimulator.ActiveCfg = Debug|Any CPU
		{2AE16E55-C3FA-45ED-96D7-92690BD3CDDF}.Debug|iPhoneSimulator.Build.0 = Debug|Any CPU
		{2AE16E55-C3FA-45ED-96D7-92690BD3CDDF}.Debug|x64.ActiveCfg = Debug|Any CPU
		{2AE16E55-C3FA-45ED-96D7-92690BD3CDDF}.Debug|x64.Build.0 = Debug|Any CPU
		{2AE16E55-C3FA-45ED-96D7-92690BD3CDDF}.Debug|x86.ActiveCfg = Debug|Any CPU
		{2AE16E55-C3FA-45ED-96D7-92690BD3CDDF}.Debug|x86.Build.0 = Debug|Any CPU
		{2AE16E55-C3FA-45ED-96D7-92690BD3CDDF}.Release|Any CPU.ActiveCfg = Release|Any CPU
		{2AE16E55-C3FA-45ED-96D7-92690BD3CDDF}.Release|Any CPU.Build.0 = Release|Any CPU
		{2AE16E55-C3FA-45ED-96D7-92690BD3CDDF}.Release|ARM.ActiveCfg = Release|Any CPU
		{2AE16E55-C3FA-45ED-96D7-92690BD3CDDF}.Release|ARM.Build.0 = Release|Any CPU
		{2AE16E55-C3FA-45ED-96D7-92690BD3CDDF}.Release|iPhone.ActiveCfg = Release|Any CPU
		{2AE16E55-C3FA-45ED-96D7-92690BD3CDDF}.Release|iPhone.Build.0 = Release|Any CPU
		{2AE16E55-C3FA-45ED-96D7-92690BD3CDDF}.Release|iPhoneSimulator.ActiveCfg = Release|Any CPU
		{2AE16E55-C3FA-45ED-96D7-92690BD3CDDF}.Release|iPhoneSimulator.Build.0 = Release|Any CPU
		{2AE16E55-C3FA-45ED-96D7-92690BD3CDDF}.Release|x64.ActiveCfg = Release|Any CPU
		{2AE16E55-C3FA-45ED-96D7-92690BD3CDDF}.Release|x64.Build.0 = Release|Any CPU
		{2AE16E55-C3FA-45ED-96D7-92690BD3CDDF}.Release|x86.ActiveCfg = Release|Any CPU
		{2AE16E55-C3FA-45ED-96D7-92690BD3CDDF}.Release|x86.Build.0 = Release|Any CPU
		{64E7F254-27EF-456D-91D9-21874787694A}.Ad-Hoc|Any CPU.ActiveCfg = Release|x86
		{64E7F254-27EF-456D-91D9-21874787694A}.Ad-Hoc|Any CPU.Build.0 = Release|x86
		{64E7F254-27EF-456D-91D9-21874787694A}.Ad-Hoc|Any CPU.Deploy.0 = Release|x86
		{64E7F254-27EF-456D-91D9-21874787694A}.Ad-Hoc|ARM.ActiveCfg = Release|ARM
		{64E7F254-27EF-456D-91D9-21874787694A}.Ad-Hoc|ARM.Build.0 = Release|ARM
		{64E7F254-27EF-456D-91D9-21874787694A}.Ad-Hoc|ARM.Deploy.0 = Release|ARM
		{64E7F254-27EF-456D-91D9-21874787694A}.Ad-Hoc|iPhone.ActiveCfg = Release|x86
		{64E7F254-27EF-456D-91D9-21874787694A}.Ad-Hoc|iPhone.Build.0 = Release|x86
		{64E7F254-27EF-456D-91D9-21874787694A}.Ad-Hoc|iPhone.Deploy.0 = Release|x86
		{64E7F254-27EF-456D-91D9-21874787694A}.Ad-Hoc|iPhoneSimulator.ActiveCfg = Release|x86
		{64E7F254-27EF-456D-91D9-21874787694A}.Ad-Hoc|iPhoneSimulator.Build.0 = Release|x86
		{64E7F254-27EF-456D-91D9-21874787694A}.Ad-Hoc|iPhoneSimulator.Deploy.0 = Release|x86
		{64E7F254-27EF-456D-91D9-21874787694A}.Ad-Hoc|x64.ActiveCfg = Release|x64
		{64E7F254-27EF-456D-91D9-21874787694A}.Ad-Hoc|x64.Build.0 = Release|x64
		{64E7F254-27EF-456D-91D9-21874787694A}.Ad-Hoc|x64.Deploy.0 = Release|x64
		{64E7F254-27EF-456D-91D9-21874787694A}.Ad-Hoc|x86.ActiveCfg = Release|x86
		{64E7F254-27EF-456D-91D9-21874787694A}.Ad-Hoc|x86.Build.0 = Release|x86
		{64E7F254-27EF-456D-91D9-21874787694A}.Ad-Hoc|x86.Deploy.0 = Release|x86
		{64E7F254-27EF-456D-91D9-21874787694A}.AppStore|Any CPU.ActiveCfg = Release|x86
		{64E7F254-27EF-456D-91D9-21874787694A}.AppStore|Any CPU.Build.0 = Release|x86
		{64E7F254-27EF-456D-91D9-21874787694A}.AppStore|Any CPU.Deploy.0 = Release|x86
		{64E7F254-27EF-456D-91D9-21874787694A}.AppStore|ARM.ActiveCfg = Release|ARM
		{64E7F254-27EF-456D-91D9-21874787694A}.AppStore|ARM.Build.0 = Release|ARM
		{64E7F254-27EF-456D-91D9-21874787694A}.AppStore|ARM.Deploy.0 = Release|ARM
		{64E7F254-27EF-456D-91D9-21874787694A}.AppStore|iPhone.ActiveCfg = Release|x86
		{64E7F254-27EF-456D-91D9-21874787694A}.AppStore|iPhone.Build.0 = Release|x86
		{64E7F254-27EF-456D-91D9-21874787694A}.AppStore|iPhone.Deploy.0 = Release|x86
		{64E7F254-27EF-456D-91D9-21874787694A}.AppStore|iPhoneSimulator.ActiveCfg = Release|x86
		{64E7F254-27EF-456D-91D9-21874787694A}.AppStore|iPhoneSimulator.Build.0 = Release|x86
		{64E7F254-27EF-456D-91D9-21874787694A}.AppStore|iPhoneSimulator.Deploy.0 = Release|x86
		{64E7F254-27EF-456D-91D9-21874787694A}.AppStore|x64.ActiveCfg = Release|x64
		{64E7F254-27EF-456D-91D9-21874787694A}.AppStore|x64.Build.0 = Release|x64
		{64E7F254-27EF-456D-91D9-21874787694A}.AppStore|x64.Deploy.0 = Release|x64
		{64E7F254-27EF-456D-91D9-21874787694A}.AppStore|x86.ActiveCfg = Release|x86
		{64E7F254-27EF-456D-91D9-21874787694A}.AppStore|x86.Build.0 = Release|x86
		{64E7F254-27EF-456D-91D9-21874787694A}.AppStore|x86.Deploy.0 = Release|x86
		{64E7F254-27EF-456D-91D9-21874787694A}.Debug|Any CPU.ActiveCfg = Debug|x86
		{64E7F254-27EF-456D-91D9-21874787694A}.Debug|ARM.ActiveCfg = Debug|ARM
		{64E7F254-27EF-456D-91D9-21874787694A}.Debug|ARM.Build.0 = Debug|ARM
		{64E7F254-27EF-456D-91D9-21874787694A}.Debug|ARM.Deploy.0 = Debug|ARM
		{64E7F254-27EF-456D-91D9-21874787694A}.Debug|iPhone.ActiveCfg = Debug|x86
		{64E7F254-27EF-456D-91D9-21874787694A}.Debug|iPhoneSimulator.ActiveCfg = Debug|x86
		{64E7F254-27EF-456D-91D9-21874787694A}.Debug|x64.ActiveCfg = Debug|x64
		{64E7F254-27EF-456D-91D9-21874787694A}.Debug|x64.Build.0 = Debug|x64
		{64E7F254-27EF-456D-91D9-21874787694A}.Debug|x64.Deploy.0 = Debug|x64
		{64E7F254-27EF-456D-91D9-21874787694A}.Debug|x86.ActiveCfg = Debug|x86
		{64E7F254-27EF-456D-91D9-21874787694A}.Debug|x86.Build.0 = Debug|x86
		{64E7F254-27EF-456D-91D9-21874787694A}.Debug|x86.Deploy.0 = Debug|x86
		{64E7F254-27EF-456D-91D9-21874787694A}.Release|Any CPU.ActiveCfg = Release|x86
		{64E7F254-27EF-456D-91D9-21874787694A}.Release|ARM.ActiveCfg = Release|ARM
		{64E7F254-27EF-456D-91D9-21874787694A}.Release|ARM.Build.0 = Release|ARM
		{64E7F254-27EF-456D-91D9-21874787694A}.Release|ARM.Deploy.0 = Release|ARM
		{64E7F254-27EF-456D-91D9-21874787694A}.Release|iPhone.ActiveCfg = Release|x86
		{64E7F254-27EF-456D-91D9-21874787694A}.Release|iPhoneSimulator.ActiveCfg = Release|x86
		{64E7F254-27EF-456D-91D9-21874787694A}.Release|x64.ActiveCfg = Release|x64
		{64E7F254-27EF-456D-91D9-21874787694A}.Release|x64.Build.0 = Release|x64
		{64E7F254-27EF-456D-91D9-21874787694A}.Release|x64.Deploy.0 = Release|x64
		{64E7F254-27EF-456D-91D9-21874787694A}.Release|x86.ActiveCfg = Release|x86
		{64E7F254-27EF-456D-91D9-21874787694A}.Release|x86.Build.0 = Release|x86
		{64E7F254-27EF-456D-91D9-21874787694A}.Release|x86.Deploy.0 = Release|x86
		{4653B328-6E12-46D2-A1B3-226211F4FDDC}.Ad-Hoc|Any CPU.ActiveCfg = Ad-Hoc|iPhone
		{4653B328-6E12-46D2-A1B3-226211F4FDDC}.Ad-Hoc|ARM.ActiveCfg = Ad-Hoc|iPhone
		{4653B328-6E12-46D2-A1B3-226211F4FDDC}.Ad-Hoc|iPhone.ActiveCfg = Ad-Hoc|iPhone
		{4653B328-6E12-46D2-A1B3-226211F4FDDC}.Ad-Hoc|iPhone.Build.0 = Ad-Hoc|iPhone
		{4653B328-6E12-46D2-A1B3-226211F4FDDC}.Ad-Hoc|iPhoneSimulator.ActiveCfg = Ad-Hoc|iPhoneSimulator
		{4653B328-6E12-46D2-A1B3-226211F4FDDC}.Ad-Hoc|iPhoneSimulator.Build.0 = Ad-Hoc|iPhoneSimulator
		{4653B328-6E12-46D2-A1B3-226211F4FDDC}.Ad-Hoc|x64.ActiveCfg = Ad-Hoc|iPhone
		{4653B328-6E12-46D2-A1B3-226211F4FDDC}.Ad-Hoc|x86.ActiveCfg = Ad-Hoc|iPhone
		{4653B328-6E12-46D2-A1B3-226211F4FDDC}.AppStore|Any CPU.ActiveCfg = AppStore|iPhone
		{4653B328-6E12-46D2-A1B3-226211F4FDDC}.AppStore|ARM.ActiveCfg = AppStore|iPhone
		{4653B328-6E12-46D2-A1B3-226211F4FDDC}.AppStore|iPhone.ActiveCfg = AppStore|iPhone
		{4653B328-6E12-46D2-A1B3-226211F4FDDC}.AppStore|iPhone.Build.0 = AppStore|iPhone
		{4653B328-6E12-46D2-A1B3-226211F4FDDC}.AppStore|iPhoneSimulator.ActiveCfg = AppStore|iPhoneSimulator
		{4653B328-6E12-46D2-A1B3-226211F4FDDC}.AppStore|iPhoneSimulator.Build.0 = AppStore|iPhoneSimulator
		{4653B328-6E12-46D2-A1B3-226211F4FDDC}.AppStore|x64.ActiveCfg = AppStore|iPhone
		{4653B328-6E12-46D2-A1B3-226211F4FDDC}.AppStore|x86.ActiveCfg = AppStore|iPhone
		{4653B328-6E12-46D2-A1B3-226211F4FDDC}.Debug|Any CPU.ActiveCfg = Debug|iPhone
		{4653B328-6E12-46D2-A1B3-226211F4FDDC}.Debug|ARM.ActiveCfg = Debug|iPhone
		{4653B328-6E12-46D2-A1B3-226211F4FDDC}.Debug|iPhone.ActiveCfg = Debug|iPhone
		{4653B328-6E12-46D2-A1B3-226211F4FDDC}.Debug|iPhone.Build.0 = Debug|iPhone
		{4653B328-6E12-46D2-A1B3-226211F4FDDC}.Debug|iPhoneSimulator.ActiveCfg = Debug|iPhoneSimulator
		{4653B328-6E12-46D2-A1B3-226211F4FDDC}.Debug|iPhoneSimulator.Build.0 = Debug|iPhoneSimulator
		{4653B328-6E12-46D2-A1B3-226211F4FDDC}.Debug|x64.ActiveCfg = Debug|iPhone
		{4653B328-6E12-46D2-A1B3-226211F4FDDC}.Debug|x86.ActiveCfg = Debug|iPhone
		{4653B328-6E12-46D2-A1B3-226211F4FDDC}.Release|Any CPU.ActiveCfg = Release|iPhone
		{4653B328-6E12-46D2-A1B3-226211F4FDDC}.Release|ARM.ActiveCfg = Release|iPhone
		{4653B328-6E12-46D2-A1B3-226211F4FDDC}.Release|iPhone.ActiveCfg = Release|iPhone
		{4653B328-6E12-46D2-A1B3-226211F4FDDC}.Release|iPhone.Build.0 = Release|iPhone
		{4653B328-6E12-46D2-A1B3-226211F4FDDC}.Release|iPhoneSimulator.ActiveCfg = Release|iPhoneSimulator
		{4653B328-6E12-46D2-A1B3-226211F4FDDC}.Release|iPhoneSimulator.Build.0 = Release|iPhoneSimulator
		{4653B328-6E12-46D2-A1B3-226211F4FDDC}.Release|x64.ActiveCfg = Release|iPhone
		{4653B328-6E12-46D2-A1B3-226211F4FDDC}.Release|x86.ActiveCfg = Release|iPhone
	EndGlobalSection
	GlobalSection(SolutionProperties) = preSolution
		HideSolutionNode = FALSE
	EndGlobalSection
EndGlobal
